
Microsoft Visual Studio Solution File, Format Version 12.00
# Visual Studio Version 17
VisualStudioVersion = 17.5.33627.172
MinimumVisualStudioVersion = 10.0.40219.1
Project("{FAE04EC0-301F-11D3-BF4B-00C04F79EFBC}") = "WpfApp2", "WpfApp2\WpfApp2.csproj", "{6CE65D95-8A42-439C-8CEB-5FF08C95EB36}"
EndProject
Global
	GlobalSection(SolutionConfigurationPlatforms) = preSolution
		Debug|Any CPU = Debug|Any CPU
		Release|Any CPU = Release|Any CPU
	EndGlobalSection
	GlobalSection(ProjectConfigurationPlatforms) = postSolution
		{6CE65D95-8A42-439C-8CEB-5FF08C95EB36}.Debug|Any CPU.ActiveCfg = Debug|Any CPU
		{6CE65D95-8A42-439C-8CEB-5FF08C95EB36}.Debug|Any CPU.Build.0 = Debug|Any CPU
		{6CE65D95-8A42-439C-8CEB-5FF08C95EB36}.Release|Any CPU.ActiveCfg = Release|Any CPU
		{6CE65D95-8A42-439C-8CEB-5FF08C95EB36}.Release|Any CPU.Build.0 = Release|Any CPU
	EndGlobalSection
	GlobalSection(SolutionProperties) = preSolution
		HideSolutionNode = FALSE
	EndGlobalSection
	GlobalSection(ExtensibilityGlobals) = postSolution
		SolutionGuid = {0FE1BE7A-6990-4CCA-93C3-E3CCB93C2CFE}
	EndGlobalSection
EndGlobal
